
Microsoft Visual Studio Solution File, Format Version 12.00
Project("{FAE04EC0-301F-11D3-BF4B-00C04F79EFBC}") = "BAP Server", "BAP Server.csproj", "{4BC6308F-3A31-40D9-AD10-FFCC524AA392}"
EndProject
Global
	GlobalSection(SolutionConfigurationPlatforms) = preSolution
		Debug|Any CPU = Debug|Any CPU
		Release|Any CPU = Release|Any CPU
	EndGlobalSection
	GlobalSection(ProjectConfigurationPlatforms) = postSolution
		{4BC6308F-3A31-40D9-AD10-FFCC524AA392}.Debug|Any CPU.ActiveCfg = Debug|Any CPU
		{4BC6308F-3A31-40D9-AD10-FFCC524AA392}.Debug|Any CPU.Build.0 = Debug|Any CPU
		{4BC6308F-3A31-40D9-AD10-FFCC524AA392}.Release|Any CPU.ActiveCfg = Release|Any CPU
		{4BC6308F-3A31-40D9-AD10-FFCC524AA392}.Release|Any CPU.Build.0 = Release|Any CPU
	EndGlobalSection
EndGlobal
